
Microsoft Visual Studio Solution File, Format Version 10.00
# Visual Studio 2008
Project("{FAE04EC0-301F-11D3-BF4B-00C04F79EFBC}") = "Navitas", "Navitas.csproj", "{36C97144-7E92-4E37-A732-340ACEBF81F5}"
EndProject
Project("{FAE04EC0-301F-11D3-BF4B-00C04F79EFBC}") = "AVPlus", "..\..\..\..\src\simplSharpPro\Projects\AVPlus\SIMPLSharpLibrary1\AVPlus.csproj", "{3214187F-130A-440F-AF23-AF5D6676068E}"
EndProject
Project("{FAE04EC0-301F-11D3-BF4B-00C04F79EFBC}") = "Debug", "..\Debug\Debug.csproj", "{4CAAE14A-1E4E-45FA-8C6F-50546A8E444E}"
EndProject
Global
	GlobalSection(SolutionConfigurationPlatforms) = preSolution
		Debug|Any CPU = Debug|Any CPU
		Release|Any CPU = Release|Any CPU
	EndGlobalSection
	GlobalSection(ProjectConfigurationPlatforms) = postSolution
		{36C97144-7E92-4E37-A732-340ACEBF81F5}.Debug|Any CPU.ActiveCfg = Debug|Any CPU
		{36C97144-7E92-4E37-A732-340ACEBF81F5}.Debug|Any CPU.Build.0 = Debug|Any CPU
		{36C97144-7E92-4E37-A732-340ACEBF81F5}.Release|Any CPU.ActiveCfg = Release|Any CPU
		{36C97144-7E92-4E37-A732-340ACEBF81F5}.Release|Any CPU.Build.0 = Release|Any CPU
		{3214187F-130A-440F-AF23-AF5D6676068E}.Debug|Any CPU.ActiveCfg = Debug|Any CPU
		{3214187F-130A-440F-AF23-AF5D6676068E}.Debug|Any CPU.Build.0 = Debug|Any CPU
		{3214187F-130A-440F-AF23-AF5D6676068E}.Release|Any CPU.ActiveCfg = Release|Any CPU
		{3214187F-130A-440F-AF23-AF5D6676068E}.Release|Any CPU.Build.0 = Release|Any CPU
		{4CAAE14A-1E4E-45FA-8C6F-50546A8E444E}.Debug|Any CPU.ActiveCfg = Debug|Any CPU
		{4CAAE14A-1E4E-45FA-8C6F-50546A8E444E}.Debug|Any CPU.Build.0 = Debug|Any CPU
		{4CAAE14A-1E4E-45FA-8C6F-50546A8E444E}.Release|Any CPU.ActiveCfg = Release|Any CPU
		{4CAAE14A-1E4E-45FA-8C6F-50546A8E444E}.Release|Any CPU.Build.0 = Release|Any CPU
	EndGlobalSection
	GlobalSection(SolutionProperties) = preSolution
		HideSolutionNode = FALSE
	EndGlobalSection
EndGlobal
